<?xml version="1.0" encoding="utf-8"?>
<Project ToolsVersion="4.0" xmlns="http://schemas.microsoft.com/developer/msbuild/2003">
  <ItemGroup>
    <ClCompile Include="stdafx.cpp" />
    <ClCompile Include="main.cpp" />
    <ClCompile Include="World.cpp">
      <Filter>World</Filter>
    </ClCompile>
    <ClCompile Include="Camera.cpp">
      <Filter>World</Filter>
    </ClCompile>
  </ItemGroup>
  <ItemGroup>
    <ClInclude Include="stdafx.h" />
    <ClInclude Include="SceneTemp.h" />
    <ClInclude Include="shader.h" />
    <ClInclude Include="MainFrameRender.h">
      <Filter>Engine</Filter>
    </ClInclude>
    <ClInclude Include="Config.h" />
    <ClInclude Include="EditorMain.h">
      <Filter>Editor</Filter>
    </ClInclude>
    <ClInclude Include="SceneFrameRender.h">
      <Filter>Engine</Filter>
    </ClInclude>
    <ClInclude Include="GameMain.h">
      <Filter>Game</Filter>
    </ClInclude>
    <ClInclude Include="World.h">
      <Filter>World</Filter>
    </ClInclude>
    <ClInclude Include="Camera.h">
      <Filter>World</Filter>
    </ClInclude>
  </ItemGroup>
  <ItemGroup>
    <Filter Include="Engine">
      <UniqueIdentifier>{3b51b61b-fcc6-40d7-9029-71bd81cf99d2}</UniqueIdentifier>
    </Filter>
    <Filter Include="Editor">
      <UniqueIdentifier>{5585b159-be36-4302-83a3-0100c21b52a3}</UniqueIdentifier>
    </Filter>
    <Filter Include="Game">
      <UniqueIdentifier>{498d546a-95c2-4e84-ad06-58d1c365c092}</UniqueIdentifier>
    </Filter>
    <Filter Include="World">
      <UniqueIdentifier>{3f58d987-cee3-4d59-8a8d-446735637d54}</UniqueIdentifier>
    </Filter>
  </ItemGroup>
</Project>